
Microsoft Visual Studio Solution File, Format Version 12.00
# Visual Studio Version 17
VisualStudioVersion = 17.4.33205.214
MinimumVisualStudioVersion = 10.0.40219.1
Project("{9A19103F-16F7-4668-BE54-9A1E7A4F7556}") = "UkrainianAnalyzer", "UkrainianAnalyzer\UkrainianAnalyzer.csproj", "{2FA26D4B-5FF0-421E-96CC-71E14BDCDA6F}"
EndProject
Project("{2150E333-8FDC-42A3-9474-1A3956D46DE8}") = "Solution Items", "Solution Items", "{D9DEE9F4-C28A-4E9A-A369-ECE2660339BA}"
EndProject
Global
	GlobalSection(SolutionConfigurationPlatforms) = preSolution
		Debug|Any CPU = Debug|Any CPU
		Release|Any CPU = Release|Any CPU
	EndGlobalSection
	GlobalSection(ProjectConfigurationPlatforms) = postSolution
		{2FA26D4B-5FF0-421E-96CC-71E14BDCDA6F}.Debug|Any CPU.ActiveCfg = Debug|Any CPU
		{2FA26D4B-5FF0-421E-96CC-71E14BDCDA6F}.Debug|Any CPU.Build.0 = Debug|Any CPU
		{2FA26D4B-5FF0-421E-96CC-71E14BDCDA6F}.Release|Any CPU.ActiveCfg = Release|Any CPU
		{2FA26D4B-5FF0-421E-96CC-71E14BDCDA6F}.Release|Any CPU.Build.0 = Release|Any CPU
	EndGlobalSection
	GlobalSection(SolutionProperties) = preSolution
		HideSolutionNode = FALSE
	EndGlobalSection
	GlobalSection(ExtensibilityGlobals) = postSolution
		SolutionGuid = {1D17E09F-2852-4890-8E45-C683C8F9B435}
	EndGlobalSection
EndGlobal
